
Microsoft Visual Studio Solution File, Format Version 12.00
# Visual Studio Version 17
VisualStudioVersion = 17.5.33103.201
MinimumVisualStudioVersion = 10.0.40219.1
Project("{9A19103F-16F7-4668-BE54-9A1E7A4F7556}") = "langchain", "langchain\langchain.csproj", "{03EC47C4-3C59-4710-A975-8C72E7F8E103}"
EndProject
Project("{FAE04EC0-301F-11D3-BF4B-00C04F79EFBC}") = "langchain.tests", "langchain.tests\langchain.tests.csproj", "{97FB793E-A771-4465-90D6-BC94324E28C5}"
EndProject
Global
	GlobalSection(SolutionConfigurationPlatforms) = preSolution
		Debug|Any CPU = Debug|Any CPU
		Release|Any CPU = Release|Any CPU
	EndGlobalSection
	GlobalSection(ProjectConfigurationPlatforms) = postSolution
		{03EC47C4-3C59-4710-A975-8C72E7F8E103}.Debug|Any CPU.ActiveCfg = Debug|Any CPU
		{03EC47C4-3C59-4710-A975-8C72E7F8E103}.Debug|Any CPU.Build.0 = Debug|Any CPU
		{03EC47C4-3C59-4710-A975-8C72E7F8E103}.Release|Any CPU.ActiveCfg = Release|Any CPU
		{03EC47C4-3C59-4710-A975-8C72E7F8E103}.Release|Any CPU.Build.0 = Release|Any CPU
		{97FB793E-A771-4465-90D6-BC94324E28C5}.Debug|Any CPU.ActiveCfg = Debug|Any CPU
		{97FB793E-A771-4465-90D6-BC94324E28C5}.Debug|Any CPU.Build.0 = Debug|Any CPU
		{97FB793E-A771-4465-90D6-BC94324E28C5}.Release|Any CPU.ActiveCfg = Release|Any CPU
		{97FB793E-A771-4465-90D6-BC94324E28C5}.Release|Any CPU.Build.0 = Release|Any CPU
	EndGlobalSection
	GlobalSection(SolutionProperties) = preSolution
		HideSolutionNode = FALSE
	EndGlobalSection
	GlobalSection(ExtensibilityGlobals) = postSolution
		SolutionGuid = {92BB78A3-D34B-4DF8-8301-331713822369}
	EndGlobalSection
EndGlobal
